
Microsoft Visual Studio Solution File, Format Version 12.00
# Visual Studio 15
VisualStudioVersion = 15.0.26228.4
MinimumVisualStudioVersion = 10.0.40219.1
Project("{FAE04EC0-301F-11D3-BF4B-00C04F79EFBC}") = "TestMobileCenterBuilding.Android", "TestMobileCenterBuilding\TestMobileCenterBuilding.Android\TestMobileCenterBuilding.Android.csproj", "{4F4279E3-D630-4A62-B5B1-2662A61E24DA}"
EndProject
Project("{FAE04EC0-301F-11D3-BF4B-00C04F79EFBC}") = "TestMobileCenterBuilding", "TestMobileCenterBuilding\TestMobileCenterBuilding\TestMobileCenterBuilding.csproj", "{0C415CC3-1EB7-46C8-AD64-FB9DD01298F3}"
EndProject
Project("{FAE04EC0-301F-11D3-BF4B-00C04F79EFBC}") = "TestMobileCenterBuilding.UWP", "TestMobileCenterBuilding\TestMobileCenterBuilding.UWP\TestMobileCenterBuilding.UWP.csproj", "{F03AE4D3-6E0D-4586-8CA1-EF83164134AE}"
EndProject
Project("{FAE04EC0-301F-11D3-BF4B-00C04F79EFBC}") = "TestMobileCenterBuilding.iOS", "TestMobileCenterBuilding\TestMobileCenterBuilding.iOS\TestMobileCenterBuilding.iOS.csproj", "{1E5EB977-33B9-46FA-BD5F-FFBC7ABCBBC7}"
EndProject
Global
	GlobalSection(SolutionConfigurationPlatforms) = preSolution
		Ad-Hoc|Any CPU = Ad-Hoc|Any CPU
		Ad-Hoc|ARM = Ad-Hoc|ARM
		Ad-Hoc|iPhone = Ad-Hoc|iPhone
		Ad-Hoc|iPhoneSimulator = Ad-Hoc|iPhoneSimulator
		Ad-Hoc|x64 = Ad-Hoc|x64
		Ad-Hoc|x86 = Ad-Hoc|x86
		AppStore|Any CPU = AppStore|Any CPU
		AppStore|ARM = AppStore|ARM
		AppStore|iPhone = AppStore|iPhone
		AppStore|iPhoneSimulator = AppStore|iPhoneSimulator
		AppStore|x64 = AppStore|x64
		AppStore|x86 = AppStore|x86
		Debug|Any CPU = Debug|Any CPU
		Debug|ARM = Debug|ARM
		Debug|iPhone = Debug|iPhone
		Debug|iPhoneSimulator = Debug|iPhoneSimulator
		Debug|x64 = Debug|x64
		Debug|x86 = Debug|x86
		Release|Any CPU = Release|Any CPU
		Release|ARM = Release|ARM
		Release|iPhone = Release|iPhone
		Release|iPhoneSimulator = Release|iPhoneSimulator
		Release|x64 = Release|x64
		Release|x86 = Release|x86
	EndGlobalSection
	GlobalSection(ProjectConfigurationPlatforms) = postSolution
		{4F4279E3-D630-4A62-B5B1-2662A61E24DA}.Ad-Hoc|Any CPU.ActiveCfg = Release|Any CPU
		{4F4279E3-D630-4A62-B5B1-2662A61E24DA}.Ad-Hoc|Any CPU.Build.0 = Release|Any CPU
		{4F4279E3-D630-4A62-B5B1-2662A61E24DA}.Ad-Hoc|Any CPU.Deploy.0 = Release|Any CPU
		{4F4279E3-D630-4A62-B5B1-2662A61E24DA}.Ad-Hoc|ARM.ActiveCfg = Release|Any CPU
		{4F4279E3-D630-4A62-B5B1-2662A61E24DA}.Ad-Hoc|ARM.Build.0 = Release|Any CPU
		{4F4279E3-D630-4A62-B5B1-2662A61E24DA}.Ad-Hoc|ARM.Deploy.0 = Release|Any CPU
		{4F4279E3-D630-4A62-B5B1-2662A61E24DA}.Ad-Hoc|iPhone.ActiveCfg = Release|Any CPU
		{4F4279E3-D630-4A62-B5B1-2662A61E24DA}.Ad-Hoc|iPhoneSimulator.ActiveCfg = Release|Any CPU
		{4F4279E3-D630-4A62-B5B1-2662A61E24DA}.Ad-Hoc|x64.ActiveCfg = Release|Any CPU
		{4F4279E3-D630-4A62-B5B1-2662A61E24DA}.Ad-Hoc|x64.Build.0 = Release|Any CPU
		{4F4279E3-D630-4A62-B5B1-2662A61E24DA}.Ad-Hoc|x64.Deploy.0 = Release|Any CPU
		{4F4279E3-D630-4A62-B5B1-2662A61E24DA}.Ad-Hoc|x86.ActiveCfg = Release|Any CPU
		{4F4279E3-D630-4A62-B5B1-2662A61E24DA}.Ad-Hoc|x86.Build.0 = Release|Any CPU
		{4F4279E3-D630-4A62-B5B1-2662A61E24DA}.Ad-Hoc|x86.Deploy.0 = Release|Any CPU
		{4F4279E3-D630-4A62-B5B1-2662A61E24DA}.AppStore|Any CPU.ActiveCfg = Release|Any CPU
		{4F4279E3-D630-4A62-B5B1-2662A61E24DA}.AppStore|Any CPU.Build.0 = Release|Any CPU
		{4F4279E3-D630-4A62-B5B1-2662A61E24DA}.AppStore|Any CPU.Deploy.0 = Release|Any CPU
		{4F4279E3-D630-4A62-B5B1-2662A61E24DA}.AppStore|ARM.ActiveCfg = Release|Any CPU
		{4F4279E3-D630-4A62-B5B1-2662A61E24DA}.AppStore|ARM.Build.0 = Release|Any CPU
		{4F4279E3-D630-4A62-B5B1-2662A61E24DA}.AppStore|ARM.Deploy.0 = Release|Any CPU
		{4F4279E3-D630-4A62-B5B1-2662A61E24DA}.AppStore|iPhone.ActiveCfg = Release|Any CPU
		{4F4279E3-D630-4A62-B5B1-2662A61E24DA}.AppStore|iPhone.Build.0 = Release|Any CPU
		{4F4279E3-D630-4A62-B5B1-2662A61E24DA}.AppStore|iPhone.Deploy.0 = Release|Any CPU
		{4F4279E3-D630-4A62-B5B1-2662A61E24DA}.AppStore|iPhoneSimulator.ActiveCfg = Release|Any CPU
		{4F4279E3-D630-4A62-B5B1-2662A61E24DA}.AppStore|iPhoneSimulator.Build.0 = Release|Any CPU
		{4F4279E3-D630-4A62-B5B1-2662A61E24DA}.AppStore|iPhoneSimulator.Deploy.0 = Release|Any CPU
		{4F4279E3-D630-4A62-B5B1-2662A61E24DA}.AppStore|x64.ActiveCfg = Release|Any CPU
		{4F4279E3-D630-4A62-B5B1-2662A61E24DA}.AppStore|x64.Build.0 = Release|Any CPU
		{4F4279E3-D630-4A62-B5B1-2662A61E24DA}.AppStore|x64.Deploy.0 = Release|Any CPU
		{4F4279E3-D630-4A62-B5B1-2662A61E24DA}.AppStore|x86.ActiveCfg = Release|Any CPU
		{4F4279E3-D630-4A62-B5B1-2662A61E24DA}.AppStore|x86.Build.0 = Release|Any CPU
		{4F4279E3-D630-4A62-B5B1-2662A61E24DA}.AppStore|x86.Deploy.0 = Release|Any CPU
		{4F4279E3-D630-4A62-B5B1-2662A61E24DA}.Debug|Any CPU.ActiveCfg = Debug|Any CPU
		{4F4279E3-D630-4A62-B5B1-2662A61E24DA}.Debug|Any CPU.Build.0 = Debug|Any CPU
		{4F4279E3-D630-4A62-B5B1-2662A61E24DA}.Debug|Any CPU.Deploy.0 = Debug|Any CPU
		{4F4279E3-D630-4A62-B5B1-2662A61E24DA}.Debug|ARM.ActiveCfg = Debug|Any CPU
		{4F4279E3-D630-4A62-B5B1-2662A61E24DA}.Debug|ARM.Build.0 = Debug|Any CPU
		{4F4279E3-D630-4A62-B5B1-2662A61E24DA}.Debug|ARM.Deploy.0 = Debug|Any CPU
		{4F4279E3-D630-4A62-B5B1-2662A61E24DA}.Debug|iPhone.ActiveCfg = Debug|Any CPU
		{4F4279E3-D630-4A62-B5B1-2662A61E24DA}.Debug|iPhone.Build.0 = Debug|Any CPU
		{4F4279E3-D630-4A62-B5B1-2662A61E24DA}.Debug|iPhone.Deploy.0 = Debug|Any CPU
		{4F4279E3-D630-4A62-B5B1-2662A61E24DA}.Debug|iPhoneSimulator.ActiveCfg = Debug|Any CPU
		{4F4279E3-D630-4A62-B5B1-2662A61E24DA}.Debug|x64.ActiveCfg = Debug|Any CPU
		{4F4279E3-D630-4A62-B5B1-2662A61E24DA}.Debug|x64.Build.0 = Debug|Any CPU
		{4F4279E3-D630-4A62-B5B1-2662A61E24DA}.Debug|x64.Deploy.0 = Debug|Any CPU
		{4F4279E3-D630-4A62-B5B1-2662A61E24DA}.Debug|x86.ActiveCfg = Debug|Any CPU
		{4F4279E3-D630-4A62-B5B1-2662A61E24DA}.Debug|x86.Build.0 = Debug|Any CPU
		{4F4279E3-D630-4A62-B5B1-2662A61E24DA}.Debug|x86.Deploy.0 = Debug|Any CPU
		{4F4279E3-D630-4A62-B5B1-2662A61E24DA}.Release|Any CPU.ActiveCfg = Release|Any CPU
		{4F4279E3-D630-4A62-B5B1-2662A61E24DA}.Release|Any CPU.Build.0 = Release|Any CPU
		{4F4279E3-D630-4A62-B5B1-2662A61E24DA}.Release|Any CPU.Deploy.0 = Release|Any CPU
		{4F4279E3-D630-4A62-B5B1-2662A61E24DA}.Release|ARM.ActiveCfg = Release|Any CPU
		{4F4279E3-D630-4A62-B5B1-2662A61E24DA}.Release|ARM.Build.0 = Release|Any CPU
		{4F4279E3-D630-4A62-B5B1-2662A61E24DA}.Release|ARM.Deploy.0 = Release|Any CPU
		{4F4279E3-D630-4A62-B5B1-2662A61E24DA}.Release|iPhone.ActiveCfg = Release|Any CPU
		{4F4279E3-D630-4A62-B5B1-2662A61E24DA}.Release|iPhone.Build.0 = Release|Any CPU
		{4F4279E3-D630-4A62-B5B1-2662A61E24DA}.Release|iPhone.Deploy.0 = Release|Any CPU
		{4F4279E3-D630-4A62-B5B1-2662A61E24DA}.Release|iPhoneSimulator.ActiveCfg = Release|Any CPU
		{4F4279E3-D630-4A62-B5B1-2662A61E24DA}.Release|iPhoneSimulator.Build.0 = Release|Any CPU
		{4F4279E3-D630-4A62-B5B1-2662A61E24DA}.Release|iPhoneSimulator.Deploy.0 = Release|Any CPU
		{4F4279E3-D630-4A62-B5B1-2662A61E24DA}.Release|x64.ActiveCfg = Release|Any CPU
		{4F4279E3-D630-4A62-B5B1-2662A61E24DA}.Release|x64.Build.0 = Release|Any CPU
		{4F4279E3-D630-4A62-B5B1-2662A61E24DA}.Release|x64.Deploy.0 = Release|Any CPU
		{4F4279E3-D630-4A62-B5B1-2662A61E24DA}.Release|x86.ActiveCfg = Release|Any CPU
		{4F4279E3-D630-4A62-B5B1-2662A61E24DA}.Release|x86.Build.0 = Release|Any CPU
		{4F4279E3-D630-4A62-B5B1-2662A61E24DA}.Release|x86.Deploy.0 = Release|Any CPU
		{0C415CC3-1EB7-46C8-AD64-FB9DD01298F3}.Ad-Hoc|Any CPU.ActiveCfg = Release|Any CPU
		{0C415CC3-1EB7-46C8-AD64-FB9DD01298F3}.Ad-Hoc|Any CPU.Build.0 = Release|Any CPU
		{0C415CC3-1EB7-46C8-AD64-FB9DD01298F3}.Ad-Hoc|ARM.ActiveCfg = Release|Any CPU
		{0C415CC3-1EB7-46C8-AD64-FB9DD01298F3}.Ad-Hoc|ARM.Build.0 = Release|Any CPU
		{0C415CC3-1EB7-46C8-AD64-FB9DD01298F3}.Ad-Hoc|iPhone.ActiveCfg = Release|Any CPU
		{0C415CC3-1EB7-46C8-AD64-FB9DD01298F3}.Ad-Hoc|iPhone.Build.0 = Release|Any CPU
		{0C415CC3-1EB7-46C8-AD64-FB9DD01298F3}.Ad-Hoc|iPhoneSimulator.ActiveCfg = Release|Any CPU
		{0C415CC3-1EB7-46C8-AD64-FB9DD01298F3}.Ad-Hoc|iPhoneSimulator.Build.0 = Release|Any CPU
		{0C415CC3-1EB7-46C8-AD64-FB9DD01298F3}.Ad-Hoc|x64.ActiveCfg = Release|Any CPU
		{0C415CC3-1EB7-46C8-AD64-FB9DD01298F3}.Ad-Hoc|x64.Build.0 = Release|Any CPU
		{0C415CC3-1EB7-46C8-AD64-FB9DD01298F3}.Ad-Hoc|x86.ActiveCfg = Release|Any CPU
		{0C415CC3-1EB7-46C8-AD64-FB9DD01298F3}.Ad-Hoc|x86.Build.0 = Release|Any CPU
		{0C415CC3-1EB7-46C8-AD64-FB9DD01298F3}.AppStore|Any CPU.ActiveCfg = Release|Any CPU
		{0C415CC3-1EB7-46C8-AD64-FB9DD01298F3}.AppStore|Any CPU.Build.0 = Release|Any CPU
		{0C415CC3-1EB7-46C8-AD64-FB9DD01298F3}.AppStore|ARM.ActiveCfg = Release|Any CPU
		{0C415CC3-1EB7-46C8-AD64-FB9DD01298F3}.AppStore|ARM.Build.0 = Release|Any CPU
		{0C415CC3-1EB7-46C8-AD64-FB9DD01298F3}.AppStore|iPhone.ActiveCfg = Release|Any CPU
		{0C415CC3-1EB7-46C8-AD64-FB9DD01298F3}.AppStore|iPhone.Build.0 = Release|Any CPU
		{0C415CC3-1EB7-46C8-AD64-FB9DD01298F3}.AppStore|iPhoneSimulator.ActiveCfg = Release|Any CPU
		{0C415CC3-1EB7-46C8-AD64-FB9DD01298F3}.AppStore|iPhoneSimulator.Build.0 = Release|Any CPU
		{0C415CC3-1EB7-46C8-AD64-FB9DD01298F3}.AppStore|x64.ActiveCfg = Release|Any CPU
		{0C415CC3-1EB7-46C8-AD64-FB9DD01298F3}.AppStore|x64.Build.0 = Release|Any CPU
		{0C415CC3-1EB7-46C8-AD64-FB9DD01298F3}.AppStore|x86.ActiveCfg = Release|Any CPU
		{0C415CC3-1EB7-46C8-AD64-FB9DD01298F3}.AppStore|x86.Build.0 = Release|Any CPU
		{0C415CC3-1EB7-46C8-AD64-FB9DD01298F3}.Debug|Any CPU.ActiveCfg = Debug|Any CPU
		{0C415CC3-1EB7-46C8-AD64-FB9DD01298F3}.Debug|Any CPU.Build.0 = Debug|Any CPU
		{0C415CC3-1EB7-46C8-AD64-FB9DD01298F3}.Debug|ARM.ActiveCfg = Debug|Any CPU
		{0C415CC3-1EB7-46C8-AD64-FB9DD01298F3}.Debug|ARM.Build.0 = Debug|Any CPU
		{0C415CC3-1EB7-46C8-AD64-FB9DD01298F3}.Debug|iPhone.ActiveCfg = Debug|Any CPU
		{0C415CC3-1EB7-46C8-AD64-FB9DD01298F3}.Debug|iPhone.Build.0 = Debug|Any CPU
		{0C415CC3-1EB7-46C8-AD64-FB9DD01298F3}.Debug|iPhoneSimulator.ActiveCfg = Debug|Any CPU
		{0C415CC3-1EB7-46C8-AD64-FB9DD01298F3}.Debug|iPhoneSimulator.Build.0 = Debug|Any CPU
		{0C415CC3-1EB7-46C8-AD64-FB9DD01298F3}.Debug|x64.ActiveCfg = Debug|Any CPU
		{0C415CC3-1EB7-46C8-AD64-FB9DD01298F3}.Debug|x64.Build.0 = Debug|Any CPU
		{0C415CC3-1EB7-46C8-AD64-FB9DD01298F3}.Debug|x86.ActiveCfg = Debug|Any CPU
		{0C415CC3-1EB7-46C8-AD64-FB9DD01298F3}.Debug|x86.Build.0 = Debug|Any CPU
		{0C415CC3-1EB7-46C8-AD64-FB9DD01298F3}.Release|Any CPU.ActiveCfg = Release|Any CPU
		{0C415CC3-1EB7-46C8-AD64-FB9DD01298F3}.Release|Any CPU.Build.0 = Release|Any CPU
		{0C415CC3-1EB7-46C8-AD64-FB9DD01298F3}.Release|ARM.ActiveCfg = Release|Any CPU
		{0C415CC3-1EB7-46C8-AD64-FB9DD01298F3}.Release|ARM.Build.0 = Release|Any CPU
		{0C415CC3-1EB7-46C8-AD64-FB9DD01298F3}.Release|iPhone.ActiveCfg = Release|Any CPU
		{0C415CC3-1EB7-46C8-AD64-FB9DD01298F3}.Release|iPhone.Build.0 = Release|Any CPU
		{0C415CC3-1EB7-46C8-AD64-FB9DD01298F3}.Release|iPhoneSimulator.ActiveCfg = Release|Any CPU
		{0C415CC3-1EB7-46C8-AD64-FB9DD01298F3}.Release|iPhoneSimulator.Build.0 = Release|Any CPU
		{0C415CC3-1EB7-46C8-AD64-FB9DD01298F3}.Release|x64.ActiveCfg = Release|Any CPU
		{0C415CC3-1EB7-46C8-AD64-FB9DD01298F3}.Release|x64.Build.0 = Release|Any CPU
		{0C415CC3-1EB7-46C8-AD64-FB9DD01298F3}.Release|x86.ActiveCfg = Release|Any CPU
		{0C415CC3-1EB7-46C8-AD64-FB9DD01298F3}.Release|x86.Build.0 = Release|Any CPU
		{F03AE4D3-6E0D-4586-8CA1-EF83164134AE}.Ad-Hoc|Any CPU.ActiveCfg = Release|x86
		{F03AE4D3-6E0D-4586-8CA1-EF83164134AE}.Ad-Hoc|Any CPU.Build.0 = Release|x86
		{F03AE4D3-6E0D-4586-8CA1-EF83164134AE}.Ad-Hoc|Any CPU.Deploy.0 = Release|x86
		{F03AE4D3-6E0D-4586-8CA1-EF83164134AE}.Ad-Hoc|ARM.ActiveCfg = Release|ARM
		{F03AE4D3-6E0D-4586-8CA1-EF83164134AE}.Ad-Hoc|ARM.Build.0 = Release|ARM
		{F03AE4D3-6E0D-4586-8CA1-EF83164134AE}.Ad-Hoc|ARM.Deploy.0 = Release|ARM
		{F03AE4D3-6E0D-4586-8CA1-EF83164134AE}.Ad-Hoc|iPhone.ActiveCfg = Release|x86
		{F03AE4D3-6E0D-4586-8CA1-EF83164134AE}.Ad-Hoc|iPhoneSimulator.ActiveCfg = Release|x86
		{F03AE4D3-6E0D-4586-8CA1-EF83164134AE}.Ad-Hoc|x64.ActiveCfg = Release|x64
		{F03AE4D3-6E0D-4586-8CA1-EF83164134AE}.Ad-Hoc|x64.Build.0 = Release|x64
		{F03AE4D3-6E0D-4586-8CA1-EF83164134AE}.Ad-Hoc|x64.Deploy.0 = Release|x64
		{F03AE4D3-6E0D-4586-8CA1-EF83164134AE}.Ad-Hoc|x86.ActiveCfg = Release|x86
		{F03AE4D3-6E0D-4586-8CA1-EF83164134AE}.Ad-Hoc|x86.Build.0 = Release|x86
		{F03AE4D3-6E0D-4586-8CA1-EF83164134AE}.Ad-Hoc|x86.Deploy.0 = Release|x86
		{F03AE4D3-6E0D-4586-8CA1-EF83164134AE}.AppStore|Any CPU.ActiveCfg = Release|x86
		{F03AE4D3-6E0D-4586-8CA1-EF83164134AE}.AppStore|Any CPU.Build.0 = Release|x86
		{F03AE4D3-6E0D-4586-8CA1-EF83164134AE}.AppStore|Any CPU.Deploy.0 = Release|x86
		{F03AE4D3-6E0D-4586-8CA1-EF83164134AE}.AppStore|ARM.ActiveCfg = Release|ARM
		{F03AE4D3-6E0D-4586-8CA1-EF83164134AE}.AppStore|ARM.Build.0 = Release|ARM
		{F03AE4D3-6E0D-4586-8CA1-EF83164134AE}.AppStore|ARM.Deploy.0 = Release|ARM
		{F03AE4D3-6E0D-4586-8CA1-EF83164134AE}.AppStore|iPhone.ActiveCfg = Release|x86
		{F03AE4D3-6E0D-4586-8CA1-EF83164134AE}.AppStore|iPhone.Build.0 = Release|x86
		{F03AE4D3-6E0D-4586-8CA1-EF83164134AE}.AppStore|iPhone.Deploy.0 = Release|x86
		{F03AE4D3-6E0D-4586-8CA1-EF83164134AE}.AppStore|iPhoneSimulator.ActiveCfg = Release|x86
		{F03AE4D3-6E0D-4586-8CA1-EF83164134AE}.AppStore|iPhoneSimulator.Build.0 = Release|x86
		{F03AE4D3-6E0D-4586-8CA1-EF83164134AE}.AppStore|iPhoneSimulator.Deploy.0 = Release|x86
		{F03AE4D3-6E0D-4586-8CA1-EF83164134AE}.AppStore|x64.ActiveCfg = Release|x64
		{F03AE4D3-6E0D-4586-8CA1-EF83164134AE}.AppStore|x64.Build.0 = Release|x64
		{F03AE4D3-6E0D-4586-8CA1-EF83164134AE}.AppStore|x64.Deploy.0 = Release|x64
		{F03AE4D3-6E0D-4586-8CA1-EF83164134AE}.AppStore|x86.ActiveCfg = Release|x86
		{F03AE4D3-6E0D-4586-8CA1-EF83164134AE}.AppStore|x86.Build.0 = Release|x86
		{F03AE4D3-6E0D-4586-8CA1-EF83164134AE}.AppStore|x86.Deploy.0 = Release|x86
		{F03AE4D3-6E0D-4586-8CA1-EF83164134AE}.Debug|Any CPU.ActiveCfg = Debug|x86
		{F03AE4D3-6E0D-4586-8CA1-EF83164134AE}.Debug|ARM.ActiveCfg = Debug|ARM
		{F03AE4D3-6E0D-4586-8CA1-EF83164134AE}.Debug|ARM.Build.0 = Debug|ARM
		{F03AE4D3-6E0D-4586-8CA1-EF83164134AE}.Debug|ARM.Deploy.0 = Debug|ARM
		{F03AE4D3-6E0D-4586-8CA1-EF83164134AE}.Debug|iPhone.ActiveCfg = Debug|x86
		{F03AE4D3-6E0D-4586-8CA1-EF83164134AE}.Debug|iPhoneSimulator.ActiveCfg = Debug|x86
		{F03AE4D3-6E0D-4586-8CA1-EF83164134AE}.Debug|x64.ActiveCfg = Debug|x64
		{F03AE4D3-6E0D-4586-8CA1-EF83164134AE}.Debug|x64.Build.0 = Debug|x64
		{F03AE4D3-6E0D-4586-8CA1-EF83164134AE}.Debug|x64.Deploy.0 = Debug|x64
		{F03AE4D3-6E0D-4586-8CA1-EF83164134AE}.Debug|x86.ActiveCfg = Debug|x86
		{F03AE4D3-6E0D-4586-8CA1-EF83164134AE}.Debug|x86.Build.0 = Debug|x86
		{F03AE4D3-6E0D-4586-8CA1-EF83164134AE}.Debug|x86.Deploy.0 = Debug|x86
		{F03AE4D3-6E0D-4586-8CA1-EF83164134AE}.Release|Any CPU.ActiveCfg = Release|x86
		{F03AE4D3-6E0D-4586-8CA1-EF83164134AE}.Release|ARM.ActiveCfg = Release|ARM
		{F03AE4D3-6E0D-4586-8CA1-EF83164134AE}.Release|ARM.Build.0 = Release|ARM
		{F03AE4D3-6E0D-4586-8CA1-EF83164134AE}.Release|ARM.Deploy.0 = Release|ARM
		{F03AE4D3-6E0D-4586-8CA1-EF83164134AE}.Release|iPhone.ActiveCfg = Release|x86
		{F03AE4D3-6E0D-4586-8CA1-EF83164134AE}.Release|iPhoneSimulator.ActiveCfg = Release|x86
		{F03AE4D3-6E0D-4586-8CA1-EF83164134AE}.Release|x64.ActiveCfg = Release|x64
		{F03AE4D3-6E0D-4586-8CA1-EF83164134AE}.Release|x64.Build.0 = Release|x64
		{F03AE4D3-6E0D-4586-8CA1-EF83164134AE}.Release|x64.Deploy.0 = Release|x64
		{F03AE4D3-6E0D-4586-8CA1-EF83164134AE}.Release|x86.ActiveCfg = Release|x86
		{F03AE4D3-6E0D-4586-8CA1-EF83164134AE}.Release|x86.Build.0 = Release|x86
		{F03AE4D3-6E0D-4586-8CA1-EF83164134AE}.Release|x86.Deploy.0 = Release|x86
		{1E5EB977-33B9-46FA-BD5F-FFBC7ABCBBC7}.Ad-Hoc|Any CPU.ActiveCfg = Ad-Hoc|iPhone
		{1E5EB977-33B9-46FA-BD5F-FFBC7ABCBBC7}.Ad-Hoc|ARM.ActiveCfg = Ad-Hoc|iPhone
		{1E5EB977-33B9-46FA-BD5F-FFBC7ABCBBC7}.Ad-Hoc|iPhone.ActiveCfg = Ad-Hoc|iPhone
		{1E5EB977-33B9-46FA-BD5F-FFBC7ABCBBC7}.Ad-Hoc|iPhone.Build.0 = Ad-Hoc|iPhone
		{1E5EB977-33B9-46FA-BD5F-FFBC7ABCBBC7}.Ad-Hoc|iPhoneSimulator.ActiveCfg = Ad-Hoc|iPhoneSimulator
		{1E5EB977-33B9-46FA-BD5F-FFBC7ABCBBC7}.Ad-Hoc|iPhoneSimulator.Build.0 = Ad-Hoc|iPhoneSimulator
		{1E5EB977-33B9-46FA-BD5F-FFBC7ABCBBC7}.Ad-Hoc|iPhoneSimulator.Deploy.0 = Ad-Hoc|iPhoneSimulator
		{1E5EB977-33B9-46FA-BD5F-FFBC7ABCBBC7}.Ad-Hoc|x64.ActiveCfg = Ad-Hoc|iPhone
		{1E5EB977-33B9-46FA-BD5F-FFBC7ABCBBC7}.Ad-Hoc|x86.ActiveCfg = Ad-Hoc|iPhone
		{1E5EB977-33B9-46FA-BD5F-FFBC7ABCBBC7}.AppStore|Any CPU.ActiveCfg = AppStore|iPhone
		{1E5EB977-33B9-46FA-BD5F-FFBC7ABCBBC7}.AppStore|ARM.ActiveCfg = AppStore|iPhone
		{1E5EB977-33B9-46FA-BD5F-FFBC7ABCBBC7}.AppStore|iPhone.ActiveCfg = AppStore|iPhone
		{1E5EB977-33B9-46FA-BD5F-FFBC7ABCBBC7}.AppStore|iPhone.Build.0 = AppStore|iPhone
		{1E5EB977-33B9-46FA-BD5F-FFBC7ABCBBC7}.AppStore|iPhoneSimulator.ActiveCfg = AppStore|iPhoneSimulator
		{1E5EB977-33B9-46FA-BD5F-FFBC7ABCBBC7}.AppStore|iPhoneSimulator.Build.0 = AppStore|iPhoneSimulator
		{1E5EB977-33B9-46FA-BD5F-FFBC7ABCBBC7}.AppStore|x64.ActiveCfg = AppStore|iPhone
		{1E5EB977-33B9-46FA-BD5F-FFBC7ABCBBC7}.AppStore|x86.ActiveCfg = AppStore|iPhone
		{1E5EB977-33B9-46FA-BD5F-FFBC7ABCBBC7}.Debug|Any CPU.ActiveCfg = Debug|iPhone
		{1E5EB977-33B9-46FA-BD5F-FFBC7ABCBBC7}.Debug|ARM.ActiveCfg = Debug|iPhone
		{1E5EB977-33B9-46FA-BD5F-FFBC7ABCBBC7}.Debug|iPhone.ActiveCfg = Debug|iPhone
		{1E5EB977-33B9-46FA-BD5F-FFBC7ABCBBC7}.Debug|iPhone.Build.0 = Debug|iPhone
		{1E5EB977-33B9-46FA-BD5F-FFBC7ABCBBC7}.Debug|iPhoneSimulator.ActiveCfg = Debug|iPhoneSimulator
		{1E5EB977-33B9-46FA-BD5F-FFBC7ABCBBC7}.Debug|iPhoneSimulator.Build.0 = Debug|iPhoneSimulator
		{1E5EB977-33B9-46FA-BD5F-FFBC7ABCBBC7}.Debug|x64.ActiveCfg = Debug|iPhone
		{1E5EB977-33B9-46FA-BD5F-FFBC7ABCBBC7}.Debug|x86.ActiveCfg = Debug|iPhone
		{1E5EB977-33B9-46FA-BD5F-FFBC7ABCBBC7}.Release|Any CPU.ActiveCfg = Release|iPhone
		{1E5EB977-33B9-46FA-BD5F-FFBC7ABCBBC7}.Release|ARM.ActiveCfg = Release|iPhone
		{1E5EB977-33B9-46FA-BD5F-FFBC7ABCBBC7}.Release|iPhone.ActiveCfg = Release|iPhone
		{1E5EB977-33B9-46FA-BD5F-FFBC7ABCBBC7}.Release|iPhone.Build.0 = Release|iPhone
		{1E5EB977-33B9-46FA-BD5F-FFBC7ABCBBC7}.Release|iPhoneSimulator.ActiveCfg = Release|iPhoneSimulator
		{1E5EB977-33B9-46FA-BD5F-FFBC7ABCBBC7}.Release|iPhoneSimulator.Build.0 = Release|iPhoneSimulator
		{1E5EB977-33B9-46FA-BD5F-FFBC7ABCBBC7}.Release|x64.ActiveCfg = Release|iPhone
		{1E5EB977-33B9-46FA-BD5F-FFBC7ABCBBC7}.Release|x86.ActiveCfg = Release|iPhone
	EndGlobalSection
	GlobalSection(SolutionProperties) = preSolution
		HideSolutionNode = FALSE
	EndGlobalSection
EndGlobal
